
Microsoft Visual Studio Solution File, Format Version 12.00
# Visual Studio Version 17
VisualStudioVersion = 17.3.32929.385
MinimumVisualStudioVersion = 10.0.40219.1
Project("{9A19103F-16F7-4668-BE54-9A1E7A4F7556}") = "Duplex", "Duplex\Duplex.csproj", "{9A6931E9-1F09-4C07-9FC4-2D2BBE1CB811}"
EndProject
Project("{9A19103F-16F7-4668-BE54-9A1E7A4F7556}") = "Duplex.Infrastructure", "Duplex.Infrastructure\Duplex.Infrastructure.csproj", "{065EF308-4A51-498D-BCE9-AE79A5BCD1BD}"
EndProject
Project("{FAE04EC0-301F-11D3-BF4B-00C04F79EFBC}") = "Duplex.Core", "Duplex.Core\Duplex.Core.csproj", "{5C25C9E0-0114-42F4-8AF3-839E3D0F8F6F}"
EndProject
Global
	GlobalSection(SolutionConfigurationPlatforms) = preSolution
		Debug|Any CPU = Debug|Any CPU
		Release|Any CPU = Release|Any CPU
	EndGlobalSection
	GlobalSection(ProjectConfigurationPlatforms) = postSolution
		{9A6931E9-1F09-4C07-9FC4-2D2BBE1CB811}.Debug|Any CPU.ActiveCfg = Debug|Any CPU
		{9A6931E9-1F09-4C07-9FC4-2D2BBE1CB811}.Debug|Any CPU.Build.0 = Debug|Any CPU
		{9A6931E9-1F09-4C07-9FC4-2D2BBE1CB811}.Release|Any CPU.ActiveCfg = Release|Any CPU
		{9A6931E9-1F09-4C07-9FC4-2D2BBE1CB811}.Release|Any CPU.Build.0 = Release|Any CPU
		{065EF308-4A51-498D-BCE9-AE79A5BCD1BD}.Debug|Any CPU.ActiveCfg = Debug|Any CPU
		{065EF308-4A51-498D-BCE9-AE79A5BCD1BD}.Debug|Any CPU.Build.0 = Debug|Any CPU
		{065EF308-4A51-498D-BCE9-AE79A5BCD1BD}.Release|Any CPU.ActiveCfg = Release|Any CPU
		{065EF308-4A51-498D-BCE9-AE79A5BCD1BD}.Release|Any CPU.Build.0 = Release|Any CPU
		{5C25C9E0-0114-42F4-8AF3-839E3D0F8F6F}.Debug|Any CPU.ActiveCfg = Debug|Any CPU
		{5C25C9E0-0114-42F4-8AF3-839E3D0F8F6F}.Debug|Any CPU.Build.0 = Debug|Any CPU
		{5C25C9E0-0114-42F4-8AF3-839E3D0F8F6F}.Release|Any CPU.ActiveCfg = Release|Any CPU
		{5C25C9E0-0114-42F4-8AF3-839E3D0F8F6F}.Release|Any CPU.Build.0 = Release|Any CPU
	EndGlobalSection
	GlobalSection(SolutionProperties) = preSolution
		HideSolutionNode = FALSE
	EndGlobalSection
	GlobalSection(ExtensibilityGlobals) = postSolution
		SolutionGuid = {6DE13D93-0706-4409-AD58-15331A31D830}
	EndGlobalSection
EndGlobal
